
Microsoft Visual Studio Solution File, Format Version 12.00
# Visual Studio Version 17
VisualStudioVersion = 17.14.36221.1 d17.14
MinimumVisualStudioVersion = 10.0.40219.1
Project("{FAE04EC0-301F-11D3-BF4B-00C04F79EFBC}") = "UsingSha256", "UsingSha256\UsingSha256.csproj", "{98D775E4-0AAA-419D-BAA3-4CCD3B5C34C1}"
EndProject
Global
	GlobalSection(SolutionConfigurationPlatforms) = preSolution
		Debug|Any CPU = Debug|Any CPU
		Release|Any CPU = Release|Any CPU
	EndGlobalSection
	GlobalSection(ProjectConfigurationPlatforms) = postSolution
		{98D775E4-0AAA-419D-BAA3-4CCD3B5C34C1}.Debug|Any CPU.ActiveCfg = Debug|Any CPU
		{98D775E4-0AAA-419D-BAA3-4CCD3B5C34C1}.Debug|Any CPU.Build.0 = Debug|Any CPU
		{98D775E4-0AAA-419D-BAA3-4CCD3B5C34C1}.Release|Any CPU.ActiveCfg = Release|Any CPU
		{98D775E4-0AAA-419D-BAA3-4CCD3B5C34C1}.Release|Any CPU.Build.0 = Release|Any CPU
	EndGlobalSection
	GlobalSection(SolutionProperties) = preSolution
		HideSolutionNode = FALSE
	EndGlobalSection
	GlobalSection(ExtensibilityGlobals) = postSolution
		SolutionGuid = {AACA9FCB-57F2-4E1E-AAB9-78F376E2FDE1}
	EndGlobalSection
EndGlobal
